
Microsoft Visual Studio Solution File, Format Version 12.00
# Visual Studio Version 16
VisualStudioVersion = 16.0.28803.352
MinimumVisualStudioVersion = 10.0.40219.1
Project("{2150E333-8FDC-42A3-9474-1A3956D46DE8}") = "01-应用程序", "01-应用程序", "{F57A930C-09C4-4DC1-B0D9-0A6079FCECAF}"
EndProject
Project("{2150E333-8FDC-42A3-9474-1A3956D46DE8}") = "03-应用业务", "03-应用业务", "{0619967A-BC67-4349-AFB3-2D8526182EEA}"
EndProject
Project("{2150E333-8FDC-42A3-9474-1A3956D46DE8}") = "04-应用实体", "04-应用实体", "{9CE313B1-748E-4F3A-B492-B746C60AF52F}"
EndProject
Project("{2150E333-8FDC-42A3-9474-1A3956D46DE8}") = "05-应用组件", "05-应用组件", "{8860BA13-04A2-47C8-AA5C-45EAAA02E8F8}"
EndProject
Project("{9A19103F-16F7-4668-BE54-9A1E7A4F7556}") = "TEAMModelOS.SDK", "TEAMModelOS.SDK\TEAMModelOS.SDK.csproj", "{0A46EC14-6FCD-4652-808E-E00BAE1646B9}"
EndProject
Project("{9A19103F-16F7-4668-BE54-9A1E7A4F7556}") = "TEAMModelOS.Admin", "TEAMModelOS.Admin\TEAMModelOS.Admin.csproj", "{EEEB05EE-81E9-487A-9EE5-44EC216CBF4B}"
EndProject
Project("{9A19103F-16F7-4668-BE54-9A1E7A4F7556}") = "TEAMModelOS.Service", "TEAMModelOS.Service\TEAMModelOS.Service.csproj", "{14D3023E-163F-4ED1-BC90-9BDD5A8917BA}"
EndProject
Project("{2150E333-8FDC-42A3-9474-1A3956D46DE8}") = "02-应用接口", "02-应用接口", "{0325C8A9-8531-4F4D-9FBF-60B84CC33BA8}"
EndProject
Project("{9A19103F-16F7-4668-BE54-9A1E7A4F7556}") = "TEAMModelOS.Api", "TEAMModelOS.Api\TEAMModelOS.Api.csproj", "{D569C9A6-EDFC-4349-9EF8-92FF440EF4F5}"
EndProject
Project("{9A19103F-16F7-4668-BE54-9A1E7A4F7556}") = "TEAMModelOS.Model", "TEAMModelOS.Model\TEAMModelOS.Model.csproj", "{2A399A19-C2C3-4C1D-8F0F-8CFD8487F310}"
EndProject
Project("{9A19103F-16F7-4668-BE54-9A1E7A4F7556}") = "TEAMModelOS.TeachLearn", "TEAMModelOS.TeachLearn\TEAMModelOS.TeachLearn.csproj", "{7F3C2657-0B36-49D6-B66E-F065C18488E8}"
EndProject
Project("{FAE04EC0-301F-11D3-BF4B-00C04F79EFBC}") = "TEAMModelOS.SmartClass", "TEAMModelOS.SmartClass\TEAMModelOS.SmartClass.csproj", "{9BB5AA53-E745-4389-8FE6-9D5FAE5843D0}"
EndProject
Global
	GlobalSection(SolutionConfigurationPlatforms) = preSolution
		Debug|Any CPU = Debug|Any CPU
		Release|Any CPU = Release|Any CPU
	EndGlobalSection
	GlobalSection(ProjectConfigurationPlatforms) = postSolution
		{0A46EC14-6FCD-4652-808E-E00BAE1646B9}.Debug|Any CPU.ActiveCfg = Debug|Any CPU
		{0A46EC14-6FCD-4652-808E-E00BAE1646B9}.Debug|Any CPU.Build.0 = Debug|Any CPU
		{0A46EC14-6FCD-4652-808E-E00BAE1646B9}.Release|Any CPU.ActiveCfg = Release|Any CPU
		{0A46EC14-6FCD-4652-808E-E00BAE1646B9}.Release|Any CPU.Build.0 = Release|Any CPU
		{EEEB05EE-81E9-487A-9EE5-44EC216CBF4B}.Debug|Any CPU.ActiveCfg = Debug|Any CPU
		{EEEB05EE-81E9-487A-9EE5-44EC216CBF4B}.Debug|Any CPU.Build.0 = Debug|Any CPU
		{EEEB05EE-81E9-487A-9EE5-44EC216CBF4B}.Release|Any CPU.ActiveCfg = Release|Any CPU
		{EEEB05EE-81E9-487A-9EE5-44EC216CBF4B}.Release|Any CPU.Build.0 = Release|Any CPU
		{14D3023E-163F-4ED1-BC90-9BDD5A8917BA}.Debug|Any CPU.ActiveCfg = Debug|Any CPU
		{14D3023E-163F-4ED1-BC90-9BDD5A8917BA}.Debug|Any CPU.Build.0 = Debug|Any CPU
		{14D3023E-163F-4ED1-BC90-9BDD5A8917BA}.Release|Any CPU.ActiveCfg = Release|Any CPU
		{14D3023E-163F-4ED1-BC90-9BDD5A8917BA}.Release|Any CPU.Build.0 = Release|Any CPU
		{D569C9A6-EDFC-4349-9EF8-92FF440EF4F5}.Debug|Any CPU.ActiveCfg = Debug|Any CPU
		{D569C9A6-EDFC-4349-9EF8-92FF440EF4F5}.Debug|Any CPU.Build.0 = Debug|Any CPU
		{D569C9A6-EDFC-4349-9EF8-92FF440EF4F5}.Release|Any CPU.ActiveCfg = Release|Any CPU
		{D569C9A6-EDFC-4349-9EF8-92FF440EF4F5}.Release|Any CPU.Build.0 = Release|Any CPU
		{2A399A19-C2C3-4C1D-8F0F-8CFD8487F310}.Debug|Any CPU.ActiveCfg = Debug|Any CPU
		{2A399A19-C2C3-4C1D-8F0F-8CFD8487F310}.Debug|Any CPU.Build.0 = Debug|Any CPU
		{2A399A19-C2C3-4C1D-8F0F-8CFD8487F310}.Release|Any CPU.ActiveCfg = Release|Any CPU
		{2A399A19-C2C3-4C1D-8F0F-8CFD8487F310}.Release|Any CPU.Build.0 = Release|Any CPU
		{7F3C2657-0B36-49D6-B66E-F065C18488E8}.Debug|Any CPU.ActiveCfg = Debug|Any CPU
		{7F3C2657-0B36-49D6-B66E-F065C18488E8}.Debug|Any CPU.Build.0 = Debug|Any CPU
		{7F3C2657-0B36-49D6-B66E-F065C18488E8}.Release|Any CPU.ActiveCfg = Release|Any CPU
		{7F3C2657-0B36-49D6-B66E-F065C18488E8}.Release|Any CPU.Build.0 = Release|Any CPU
		{9BB5AA53-E745-4389-8FE6-9D5FAE5843D0}.Debug|Any CPU.ActiveCfg = Debug|Any CPU
		{9BB5AA53-E745-4389-8FE6-9D5FAE5843D0}.Debug|Any CPU.Build.0 = Debug|Any CPU
		{9BB5AA53-E745-4389-8FE6-9D5FAE5843D0}.Release|Any CPU.ActiveCfg = Release|Any CPU
		{9BB5AA53-E745-4389-8FE6-9D5FAE5843D0}.Release|Any CPU.Build.0 = Release|Any CPU
	EndGlobalSection
	GlobalSection(SolutionProperties) = preSolution
		HideSolutionNode = FALSE
	EndGlobalSection
	GlobalSection(NestedProjects) = preSolution
		{0A46EC14-6FCD-4652-808E-E00BAE1646B9} = {8860BA13-04A2-47C8-AA5C-45EAAA02E8F8}
		{EEEB05EE-81E9-487A-9EE5-44EC216CBF4B} = {F57A930C-09C4-4DC1-B0D9-0A6079FCECAF}
		{14D3023E-163F-4ED1-BC90-9BDD5A8917BA} = {0619967A-BC67-4349-AFB3-2D8526182EEA}
		{D569C9A6-EDFC-4349-9EF8-92FF440EF4F5} = {0325C8A9-8531-4F4D-9FBF-60B84CC33BA8}
		{2A399A19-C2C3-4C1D-8F0F-8CFD8487F310} = {9CE313B1-748E-4F3A-B492-B746C60AF52F}
		{7F3C2657-0B36-49D6-B66E-F065C18488E8} = {F57A930C-09C4-4DC1-B0D9-0A6079FCECAF}
		{9BB5AA53-E745-4389-8FE6-9D5FAE5843D0} = {F57A930C-09C4-4DC1-B0D9-0A6079FCECAF}
	EndGlobalSection
	GlobalSection(ExtensibilityGlobals) = postSolution
		SolutionGuid = {A039A1DA-0884-4AA9-B6F4-ECE545B2559A}
	EndGlobalSection
EndGlobal
